// !$*UTF8*$!
{
	archiveVersion = 1;
	classes = {
	};
	objectVersion = 77;
	objects = {

/* Begin PBXContainerItemProxy section */
		E1BE01002EC49C1C00EE21EB /* PBXContainerItemProxy */ = {
			isa = PBXContainerItemProxy;
			containerPortal = E1BE00EA2EC49C1B00EE21EB /* Project object */;
			proxyType = 1;
			remoteGlobalIDString = E1BE00F12EC49C1B00EE21EB;
			remoteInfo = dudelapp;
		};
		E1BE010A2EC49C1C00EE21EB /* PBXContainerItemProxy */ = {
			isa = PBXContainerItemProxy;
			containerPortal = E1BE00EA2EC49C1B00EE21EB /* Project object */;
			proxyType = 1;
			remoteGlobalIDString = E1BE00F12EC49C1B00EE21EB;
			remoteInfo = dudelapp;
		};
/* End PBXContainerItemProxy section */

/* Begin PBXFileReference section */
		E1BE00F22EC49C1B00EE21EB /* dudelapp.app */ = {isa = PBXFileReference; explicitFileType = wrapper.application; includeInIndex = 0; path = dudelapp.app; sourceTree = BUILT_PRODUCTS_DIR; };
		E1BE00FF2EC49C1C00EE21EB /* dudelappTests.xctest */ = {isa = PBXFileReference; explicitFileType = wrapper.cfbundle; includeInIndex = 0; path = dudelappTests.xctest; sourceTree = BUILT_PRODUCTS_DIR; };
		E1BE01092EC49C1C00EE21EB /* dudelappUITests.xctest */ = {isa = PBXFileReference; explicitFileType = wrapper.cfbundle; includeInIndex = 0; path = dudelappUITests.xctest; sourceTree = BUILT_PRODUCTS_DIR; };
/* End PBXFileReference section */

/* Begin PBXFileSystemSynchronizedRootGroup section */
		E1BE00F42EC49C1B00EE21EB /* dudelapp */ = {
			isa = PBXFileSystemSynchronizedRootGroup;
			path = dudelapp;
			sourceTree = "<group>";
		};
		E1BE01022EC49C1C00EE21EB /* dudelappTests */ = {
			isa = PBXFileSystemSynchronizedRootGroup;
			path = dudelappTests;
			sourceTree = "<group>";
		};
		E1BE010C2EC49C1C00EE21EB /* dudelappUITests */ = {
			isa = PBXFileSystemSynchronizedRootGroup;
			path = dudelappUITests;
			sourceTree = "<group>";
		};
/* End PBXFileSystemSynchronizedRootGroup section */

/* Begin PBXFrameworksBuildPhase section */
		E1BE00EF2EC49C1B00EE21EB /* Frameworks */ = {
			isa = PBXFrameworksBuildPhase;
			buildActionMask = 2147483647;
			files = (
			);
			runOnlyForDeploymentPostprocessing = 0;
		};
		E1BE00FC2EC49C1C00EE21EB /* Frameworks */ = {
			isa = PBXFrameworksBuildPhase;
			buildActionMask = 2147483647;
			files = (
			);
			runOnlyForDeploymentPostprocessing = 0;
		};
		E1BE01062EC49C1C00EE21EB /* Frameworks */ = {
			isa = PBXFrameworksBuildPhase;
			buildActionMask = 2147483647;
			files = (
			);
			runOnlyForDeploymentPostprocessing = 0;
		};
/* End PBXFrameworksBuildPhase section */

/* Begin PBXGroup section */
		E1BE00E92EC49C1B00EE21EB = {
			isa = PBXGroup;
			children = (
				E1BE00F42EC49C1B00EE21EB /* dudelapp */,
				E1BE01022EC49C1C00EE21EB /* dudelappTests */,
				E1BE010C2EC49C1C00EE21EB /* dudelappUITests */,
				E1BE00F32EC49C1B00EE21EB /* Products */,
			);
			sourceTree = "<group>";
		};
		E1BE00F32EC49C1B00EE21EB /* Products */ = {
			isa = PBXGroup;
			children = (
				E1BE00F22EC49C1B00EE21EB /* dudelapp.app */,
				E1BE00FF2EC49C1C00EE21EB /* dudelappTests.xctest */,
				E1BE01092EC49C1C00EE21EB /* dudelappUITests.xctest */,
			);
			name = Products;
			sourceTree = "<group>";
		};
/* End PBXGroup section */

/* Begin PBXNativeTarget section */
		E1BE00F12EC49C1B00EE21EB /* dudelapp */ = {
			isa = PBXNativeTarget;
			buildConfigurationList = E1BE01132EC49C1C00EE21EB /* Build configuration list for PBXNativeTarget "dudelapp" */;
			buildPhases = (
				E1BE00EE2EC49C1B00EE21EB /* Sources */,
				E1BE00EF2EC49C1B00EE21EB /* Frameworks */,
				E1BE00F02EC49C1B00EE21EB /* Resources */,
			);
			buildRules = (
			);
			dependencies = (
			);
			fileSystemSynchronizedGroups = (
				E1BE00F42EC49C1B00EE21EB /* dudelapp */,
			);
			name = dudelapp;
			packageProductDependencies = (
			);
			productName = dudelapp;
			productReference = E1BE00F22EC49C1B00EE21EB /* dudelapp.app */;
			productType = "com.apple.product-type.application";
		};
		E1BE00FE2EC49C1C00EE21EB /* dudelappTests */ = {
			isa = PBXNativeTarget;
			buildConfigurationList = E1BE01162EC49C1C00EE21EB /* Build configuration list for PBXNativeTarget "dudelappTests" */;
			buildPhases = (
				E1BE00FB2EC49C1C00EE21EB /* Sources */,
				E1BE00FC2EC49C1C00EE21EB /* Frameworks */,
				E1BE00FD2EC49C1C00EE21EB /* Resources */,
			);
			buildRules = (
			);
			dependencies = (
				E1BE01012EC49C1C00EE21EB /* PBXTargetDependency */,
			);
			fileSystemSynchronizedGroups = (
				E1BE01022EC49C1C00EE21EB /* dudelappTests */,
			);
			name = dudelappTests;
			packageProductDependencies = (
			);
			productName = dudelappTests;
			productReference = E1BE00FF2EC49C1C00EE21EB /* dudelappTests.xctest */;
			productType = "com.apple.product-type.bundle.unit-test";
		};
		E1BE01082EC49C1C00EE21EB /* dudelappUITests */ = {
			isa = PBXNativeTarget;
			buildConfigurationList = E1BE01192EC49C1C00EE21EB /* Build configuration list for PBXNativeTarget "dudelappUITests" */;
			buildPhases = (
				E1BE01052EC49C1C00EE21EB /* Sources */,
				E1BE01062EC49C1C00EE21EB /* Frameworks */,
				E1BE01072EC49C1C00EE21EB /* Resources */,
			);
			buildRules = (
			);
			dependencies = (
				E1BE010B2EC49C1C00EE21EB /* PBXTargetDependency */,
			);
			fileSystemSynchronizedGroups = (
				E1BE010C2EC49C1C00EE21EB /* dudelappUITests */,
			);
			name = dudelappUITests;
			packageProductDependencies = (
			);
			productName = dudelappUITests;
			productReference = E1BE01092EC49C1C00EE21EB /* dudelappUITests.xctest */;
			productType = "com.apple.product-type.bundle.ui-testing";
		};
/* End PBXNativeTarget section */

/* Begin PBXProject section */
		E1BE00EA2EC49C1B00EE21EB /* Project object */ = {
			isa = PBXProject;
			attributes = {
				BuildIndependentTargetsInParallel = 1;
				LastSwiftUpdateCheck = 1640;
				LastUpgradeCheck = 1640;
				TargetAttributes = {
					E1BE00F12EC49C1B00EE21EB = {
						CreatedOnToolsVersion = 16.4;
					};
					E1BE00FE2EC49C1C00EE21EB = {
						CreatedOnToolsVersion = 16.4;
						TestTargetID = E1BE00F12EC49C1B00EE21EB;
					};
					E1BE01082EC49C1C00EE21EB = {
						CreatedOnToolsVersion = 16.4;
						TestTargetID = E1BE00F12EC49C1B00EE21EB;
					};
				};
			};
			buildConfigurationList = E1BE00ED2EC49C1B00EE21EB /* Build configuration list for PBXProject "dudelapp" */;
			developmentRegion = en;
			hasScannedForEncodings = 0;
			knownRegions = (
				en,
				Base,
			);
			mainGroup = E1BE00E92EC49C1B00EE21EB;
			minimizedProjectReferenceProxies = 1;
			preferredProjectObjectVersion = 77;
			productRefGroup = E1BE00F32EC49C1B00EE21EB /* Products */;
			projectDirPath = "";
			projectRoot = "";
			targets = (
				E1BE00F12EC49C1B00EE21EB /* dudelapp */,
				E1BE00FE2EC49C1C00EE21EB /* dudelappTests */,
				E1BE01082EC49C1C00EE21EB /* dudelappUITests */,
			);
		};
/* End PBXProject section */

/* Begin PBXResourcesBuildPhase section */
		E1BE00F02EC49C1B00EE21EB /* Resources */ = {
			isa = PBXResourcesBuildPhase;
			buildActionMask = 2147483647;
			files = (
			);
			runOnlyForDeploymentPostprocessing = 0;
		};
		E1BE00FD2EC49C1C00EE21EB /* Resources */ = {
			isa = PBXResourcesBuildPhase;
			buildActionMask = 2147483647;
			files = (
			);
			runOnlyForDeploymentPostprocessing = 0;
		};
		E1BE01072EC49C1C00EE21EB /* Resources */ = {
			isa = PBXResourcesBuildPhase;
			buildActionMask = 2147483647;
			files = (
			);
			runOnlyForDeploymentPostprocessing = 0;
		};
/* End PBXResourcesBuildPhase section */

/* Begin PBXSourcesBuildPhase section */
		E1BE00EE2EC49C1B00EE21EB /* Sources */ = {
			isa = PBXSourcesBuildPhase;
			buildActionMask = 2147483647;
			files = (
			);
			runOnlyForDeploymentPostprocessing = 0;
		};
		E1BE00FB2EC49C1C00EE21EB /* Sources */ = {
			isa = PBXSourcesBuildPhase;
			buildActionMask = 2147483647;
			files = (
			);
			runOnlyForDeploymentPostprocessing = 0;
		};
		E1BE01052EC49C1C00EE21EB /* Sources */ = {
			isa = PBXSourcesBuildPhase;
			buildActionMask = 2147483647;
			files = (
			);
			runOnlyForDeploymentPostprocessing = 0;
		};
/* End PBXSourcesBuildPhase section */

/* Begin PBXTargetDependency section */
		E1BE01012EC49C1C00EE21EB /* PBXTargetDependency */ = {
			isa = PBXTargetDependency;
			target = E1BE00F12EC49C1B00EE21EB /* dudelapp */;
			targetProxy = E1BE01002EC49C1C00EE21EB /* PBXContainerItemProxy */;
		};
		E1BE010B2EC49C1C00EE21EB /* PBXTargetDependency */ = {
			isa = PBXTargetDependency;
			target = E1BE00F12EC49C1B00EE21EB /* dudelapp */;
			targetProxy = E1BE010A2EC49C1C00EE21EB /* PBXContainerItemProxy */;
		};
/* End PBXTargetDependency section */

/* Begin XCBuildConfiguration section */
		E1BE01112EC49C1C00EE21EB /* Debug */ = {
			isa = XCBuildConfiguration;
			buildSettings = {
				ALWAYS_SEARCH_USER_PATHS = NO;
				ASSETCATALOG_COMPILER_GENERATE_SWIFT_ASSET_SYMBOL_EXTENSIONS = YES;
				CLANG_ANALYZER_NONNULL = YES;
				CLANG_ANALYZER_NUMBER_OBJECT_CONVERSION = YES_AGGRESSIVE;
				CLANG_CXX_LANGUAGE_STANDARD = "gnu++20";
				CLANG_ENABLE_MODULES = YES;
				CLANG_ENABLE_OBJC_ARC = YES;
				CLANG_ENABLE_OBJC_WEAK = YES;
				CLANG_WARN_BLOCK_CAPTURE_AUTORELEASING = YES;
				CLANG_WARN_BOOL_CONVERSION = YES;
				CLANG_WARN_COMMA = YES;
				CLANG_WARN_CONSTANT_CONVERSION = YES;
				CLANG_WARN_DEPRECATED_OBJC_IMPLEMENTATIONS = YES;
				CLANG_WARN_DIRECT_OBJC_ISA_USAGE = YES_ERROR;
				CLANG_WARN_DOCUMENTATION_COMMENTS = YES;
				CLANG_WARN_EMPTY_BODY = YES;
				CLANG_WARN_ENUM_CONVERSION = YES;
				CLANG_WARN_INFINITE_RECURSION = YES;
				CLANG_WARN_INT_CONVERSION = YES;
				CLANG_WARN_NON_LITERAL_NULL_CONVERSION = YES;
				CLANG_WARN_OBJC_IMPLICIT_RETAIN_SELF = YES;
				CLANG_WARN_OBJC_LITERAL_CONVERSION = YES;
				CLANG_WARN_OBJC_ROOT_CLASS = YES_ERROR;
				CLANG_WARN_QUOTED_INCLUDE_IN_FRAMEWORK_HEADER = YES;
				CLANG_WARN_RANGE_LOOP_ANALYSIS = YES;
				CLANG_WARN_STRICT_PROTOTYPES = YES;
				CLANG_WARN_SUSPICIOUS_MOVE = YES;
				CLANG_WARN_UNGUARDED_AVAILABILITY = YES_AGGRESSIVE;
				CLANG_WARN_UNREACHABLE_CODE = YES;
				CLANG_WARN__DUPLICATE_METHOD_MATCH = YES;
				COPY_PHASE_STRIP = NO;
				DEBUG_INFORMATION_FORMAT = dwarf;
				DEVELOPMENT_TEAM = 6GV7K75X33;
				ENABLE_STRICT_OBJC_MSGSEND = YES;
				ENABLE_TESTABILITY = YES;
				ENABLE_USER_SCRIPT_SANDBOXING = YES;
				GCC_C_LANGUAGE_STANDARD = gnu17;
				GCC_DYNAMIC_NO_PIC = NO;
				GCC_NO_COMMON_BLOCKS = YES;
				GCC_OPTIMIZATION_LEVEL = 0;
				GCC_PREPROCESSOR_DEFINITIONS = (
					"DEBUG=1",
					"$(inherited)",
				);
				GCC_WARN_64_TO_32_BIT_CONVERSION = YES;
				GCC_WARN_ABOUT_RETURN_TYPE = YES_ERROR;
				GCC_WARN_UNDECLARED_SELECTOR = YES;
				GCC_WARN_UNINITIALIZED_AUTOS = YES_AGGRESSIVE;
				GCC_WARN_UNUSED_FUNCTION = YES;
				GCC_WARN_UNUSED_VARIABLE = YES;
				IPHONEOS_DEPLOYMENT_TARGET = 18.5;
				LOCALIZATION_PREFERS_STRING_CATALOGS = YES;
				MTL_ENABLE_DEBUG_INFO = INCLUDE_SOURCE;
				MTL_FAST_MATH = YES;
				ONLY_ACTIVE_ARCH = YES;
				SDKROOT = iphoneos;
				SWIFT_ACTIVE_COMPILATION_CONDITIONS = "DEBUG $(inherited)";
				SWIFT_OPTIMIZATION_LEVEL = "-Onone";
			};
			name = Debug;
		};
		E1BE01122EC49C1C00EE21EB /* Release */ = {
			isa = XCBuildConfiguration;
			buildSettings = {
				ALWAYS_SEARCH_USER_PATHS = NO;
				ASSETCATALOG_COMPILER_GENERATE_SWIFT_ASSET_SYMBOL_EXTENSIONS = YES;
				CLANG_ANALYZER_NONNULL = YES;
				CLANG_ANALYZER_NUMBER_OBJECT_CONVERSION = YES_AGGRESSIVE;
				CLANG_CXX_LANGUAGE_STANDARD = "gnu++20";
				CLANG_ENABLE_MODULES = YES;
				CLANG_ENABLE_OBJC_ARC = YES;
				CLANG_ENABLE_OBJC_WEAK = YES;
				CLANG_WARN_BLOCK_CAPTURE_AUTORELEASING = YES;
				CLANG_WARN_BOOL_CONVERSION = YES;
				CLANG_WARN_COMMA = YES;
				CLANG_WARN_CONSTANT_CONVERSION = YES;
				CLANG_WARN_DEPRECATED_OBJC_IMPLEMENTATIONS = YES;
				CLANG_WARN_DIRECT_OBJC_ISA_USAGE = YES_ERROR;
				CLANG_WARN_DOCUMENTATION_COMMENTS = YES;
				CLANG_WARN_EMPTY_BODY = YES;
				CLANG_WARN_ENUM_CONVERSION = YES;
				CLANG_WARN_INFINITE_RECURSION = YES;
				CLANG_WARN_INT_CONVERSION = YES;
				CLANG_WARN_NON_LITERAL_NULL_CONVERSION = YES;
				CLANG_WARN_OBJC_IMPLICIT_RETAIN_SELF = YES;
				CLANG_WARN_OBJC_LITERAL_CONVERSION = YES;
				CLANG_WARN_OBJC_ROOT_CLASS = YES_ERROR;
				CLANG_WARN_QUOTED_INCLUDE_IN_FRAMEWORK_HEADER = YES;
				CLANG_WARN_RANGE_LOOP_ANALYSIS = YES;
				CLANG_WARN_STRICT_PROTOTYPES = YES;
				CLANG_WARN_SUSPICIOUS_MOVE = YES;
				CLANG_WARN_UNGUARDED_AVAILABILITY = YES_AGGRESSIVE;
				CLANG_WARN_UNREACHABLE_CODE = YES;
				CLANG_WARN__DUPLICATE_METHOD_MATCH = YES;
				COPY_PHASE_STRIP = NO;
				DEBUG_INFORMATION_FORMAT = "dwarf-with-dsym";
				DEVELOPMENT_TEAM = 6GV7K75X33;
				ENABLE_NS_ASSERTIONS = NO;
				ENABLE_STRICT_OBJC_MSGSEND = YES;
				ENABLE_USER_SCRIPT_SANDBOXING = YES;
				GCC_C_LANGUAGE_STANDARD = gnu17;
				GCC_NO_COMMON_BLOCKS = YES;
				GCC_WARN_64_TO_32_BIT_CONVERSION = YES;
				GCC_WARN_ABOUT_RETURN_TYPE = YES_ERROR;
				GCC_WARN_UNDECLARED_SELECTOR = YES;
				GCC_WARN_UNINITIALIZED_AUTOS = YES_AGGRESSIVE;
				GCC_WARN_UNUSED_FUNCTION = YES;
				GCC_WARN_UNUSED_VARIABLE = YES;
				IPHONEOS_DEPLOYMENT_TARGET = 18.5;
				LOCALIZATION_PREFERS_STRING_CATALOGS = YES;
				MTL_ENABLE_DEBUG_INFO = NO;
				MTL_FAST_MATH = YES;
				SDKROOT = iphoneos;
				SWIFT_COMPILATION_MODE = wholemodule;
				VALIDATE_PRODUCT = YES;
			};
			name = Release;
		};
		E1BE01142EC49C1C00EE21EB /* Debug */ = {
			isa = XCBuildConfiguration;
			buildSettings = {
				ASSETCATALOG_COMPILER_APPICON_NAME = AppIcon;
				ASSETCATALOG_COMPILER_GLOBAL_ACCENT_COLOR_NAME = AccentColor;
				CODE_SIGN_STYLE = Automatic;
				CURRENT_PROJECT_VERSION = 1;
				DEVELOPMENT_TEAM = 6GV7K75X33;
				ENABLE_PREVIEWS = YES;
				GENERATE_INFOPLIST_FILE = YES;
				INFOPLIST_KEY_UIApplicationSceneManifest_Generation = YES;
				INFOPLIST_KEY_UIApplicationSupportsIndirectInputEvents = YES;
				INFOPLIST_KEY_UILaunchScreen_Generation = YES;
				INFOPLIST_KEY_UISupportedInterfaceOrientations_iPad = "UIInterfaceOrientationPortrait UIInterfaceOrientationPortraitUpsideDown UIInterfaceOrientationLandscapeLeft UIInterfaceOrientationLandscapeRight";
				INFOPLIST_KEY_UISupportedInterfaceOrientations_iPhone = "UIInterfaceOrientationPortrait UIInterfaceOrientationLandscapeLeft UIInterfaceOrientationLandscapeRight";
				LD_RUNPATH_SEARCH_PATHS = (
					"$(inherited)",
					"@executable_path/Frameworks",
				);
				MARKETING_VERSION = 1.0;
				PRODUCT_BUNDLE_IDENTIFIER = fed.dudelapp;
				PRODUCT_NAME = "$(TARGET_NAME)";
				SWIFT_EMIT_LOC_STRINGS = YES;
				SWIFT_VERSION = 5.0;
				TARGETED_DEVICE_FAMILY = "1,2";
			};
			name = Debug;
		};
		E1BE01152EC49C1C00EE21EB /* Release */ = {
			isa = XCBuildConfiguration;
			buildSettings = {
				ASSETCATALOG_COMPILER_APPICON_NAME = AppIcon;
				ASSETCATALOG_COMPILER_GLOBAL_ACCENT_COLOR_NAME = AccentColor;
				CODE_SIGN_STYLE = Automatic;
				CURRENT_PROJECT_VERSION = 1;
				DEVELOPMENT_TEAM = 6GV7K75X33;
				ENABLE_PREVIEWS = YES;
				GENERATE_INFOPLIST_FILE = YES;
				INFOPLIST_KEY_UIApplicationSceneManifest_Generation = YES;
				INFOPLIST_KEY_UIApplicationSupportsIndirectInputEvents = YES;
				INFOPLIST_KEY_UILaunchScreen_Generation = YES;
				INFOPLIST_KEY_UISupportedInterfaceOrientations_iPad = "UIInterfaceOrientationPortrait UIInterfaceOrientationPortraitUpsideDown UIInterfaceOrientationLandscapeLeft UIInterfaceOrientationLandscapeRight";
				INFOPLIST_KEY_UISupportedInterfaceOrientations_iPhone = "UIInterfaceOrientationPortrait UIInterfaceOrientationLandscapeLeft UIInterfaceOrientationLandscapeRight";
				LD_RUNPATH_SEARCH_PATHS = (
					"$(inherited)",
					"@executable_path/Frameworks",
				);
				MARKETING_VERSION = 1.0;
				PRODUCT_BUNDLE_IDENTIFIER = fed.dudelapp;
				PRODUCT_NAME = "$(TARGET_NAME)";
				SWIFT_EMIT_LOC_STRINGS = YES;
				SWIFT_VERSION = 5.0;
				TARGETED_DEVICE_FAMILY = "1,2";
			};
			name = Release;
		};
		E1BE01172EC49C1C00EE21EB /* Debug */ = {
			isa = XCBuildConfiguration;
			buildSettings = {
				BUNDLE_LOADER = "$(TEST_HOST)";
				CODE_SIGN_STYLE = Automatic;
				CURRENT_PROJECT_VERSION = 1;
				DEVELOPMENT_TEAM = 6GV7K75X33;
				GENERATE_INFOPLIST_FILE = YES;
				IPHONEOS_DEPLOYMENT_TARGET = 18.5;
				MARKETING_VERSION = 1.0;
				PRODUCT_BUNDLE_IDENTIFIER = fed.dudelappTests;
				PRODUCT_NAME = "$(TARGET_NAME)";
				SWIFT_EMIT_LOC_STRINGS = NO;
				SWIFT_VERSION = 5.0;
				TARGETED_DEVICE_FAMILY = "1,2";
				TEST_HOST = "$(BUILT_PRODUCTS_DIR)/dudelapp.app/$(BUNDLE_EXECUTABLE_FOLDER_PATH)/dudelapp";
			};
			name = Debug;
		};
		E1BE01182EC49C1C00EE21EB /* Release */ = {
			isa = XCBuildConfiguration;
			buildSettings = {
				BUNDLE_LOADER = "$(TEST_HOST)";
				CODE_SIGN_STYLE = Automatic;
				CURRENT_PROJECT_VERSION = 1;
				DEVELOPMENT_TEAM = 6GV7K75X33;
				GENERATE_INFOPLIST_FILE = YES;
				IPHONEOS_DEPLOYMENT_TARGET = 18.5;
				MARKETING_VERSION = 1.0;
				PRODUCT_BUNDLE_IDENTIFIER = fed.dudelappTests;
				PRODUCT_NAME = "$(TARGET_NAME)";
				SWIFT_EMIT_LOC_STRINGS = NO;
				SWIFT_VERSION = 5.0;
				TARGETED_DEVICE_FAMILY = "1,2";
				TEST_HOST = "$(BUILT_PRODUCTS_DIR)/dudelapp.app/$(BUNDLE_EXECUTABLE_FOLDER_PATH)/dudelapp";
			};
			name = Release;
		};
		E1BE011A2EC49C1C00EE21EB /* Debug */ = {
			isa = XCBuildConfiguration;
			buildSettings = {
				CODE_SIGN_STYLE = Automatic;
				CURRENT_PROJECT_VERSION = 1;
				DEVELOPMENT_TEAM = 6GV7K75X33;
				GENERATE_INFOPLIST_FILE = YES;
				MARKETING_VERSION = 1.0;
				PRODUCT_BUNDLE_IDENTIFIER = fed.dudelappUITests;
				PRODUCT_NAME = "$(TARGET_NAME)";
				SWIFT_EMIT_LOC_STRINGS = NO;
				SWIFT_VERSION = 5.0;
				TARGETED_DEVICE_FAMILY = "1,2";
				TEST_TARGET_NAME = dudelapp;
			};
			name = Debug;
		};
		E1BE011B2EC49C1C00EE21EB /* Release */ = {
			isa = XCBuildConfiguration;
			buildSettings = {
				CODE_SIGN_STYLE = Automatic;
				CURRENT_PROJECT_VERSION = 1;
				DEVELOPMENT_TEAM = 6GV7K75X33;
				GENERATE_INFOPLIST_FILE = YES;
				MARKETING_VERSION = 1.0;
				PRODUCT_BUNDLE_IDENTIFIER = fed.dudelappUITests;
				PRODUCT_NAME = "$(TARGET_NAME)";
				SWIFT_EMIT_LOC_STRINGS = NO;
				SWIFT_VERSION = 5.0;
				TARGETED_DEVICE_FAMILY = "1,2";
				TEST_TARGET_NAME = dudelapp;
			};
			name = Release;
		};
/* End XCBuildConfiguration section */

/* Begin XCConfigurationList section */
		E1BE00ED2EC49C1B00EE21EB /* Build configuration list for PBXProject "dudelapp" */ = {
			isa = XCConfigurationList;
			buildConfigurations = (
				E1BE01112EC49C1C00EE21EB /* Debug */,
				E1BE01122EC49C1C00EE21EB /* Release */,
			);
			defaultConfigurationIsVisible = 0;
			defaultConfigurationName = Release;
		};
		E1BE01132EC49C1C00EE21EB /* Build configuration list for PBXNativeTarget "dudelapp" */ = {
			isa = XCConfigurationList;
			buildConfigurations = (
				E1BE01142EC49C1C00EE21EB /* Debug */,
				E1BE01152EC49C1C00EE21EB /* Release */,
			);
			defaultConfigurationIsVisible = 0;
			defaultConfigurationName = Release;
		};
		E1BE01162EC49C1C00EE21EB /* Build configuration list for PBXNativeTarget "dudelappTests" */ = {
			isa = XCConfigurationList;
			buildConfigurations = (
				E1BE01172EC49C1C00EE21EB /* Debug */,
				E1BE01182EC49C1C00EE21EB /* Release */,
			);
			defaultConfigurationIsVisible = 0;
			defaultConfigurationName = Release;
		};
		E1BE01192EC49C1C00EE21EB /* Build configuration list for PBXNativeTarget "dudelappUITests" */ = {
			isa = XCConfigurationList;
			buildConfigurations = (
				E1BE011A2EC49C1C00EE21EB /* Debug */,
				E1BE011B2EC49C1C00EE21EB /* Release */,
			);
			defaultConfigurationIsVisible = 0;
			defaultConfigurationName = Release;
		};
/* End XCConfigurationList section */
	};
	rootObject = E1BE00EA2EC49C1B00EE21EB /* Project object */;
}
